
Microsoft Visual Studio Solution File, Format Version 12.00
# Visual Studio Version 16
VisualStudioVersion = 16.0.29326.143
MinimumVisualStudioVersion = 10.0.40219.1
Project("{FAE04EC0-301F-11D3-BF4B-00C04F79EFBC}") = "kata-starter", "kata-starter.csproj", "{330567F5-DBA6-474A-9849-18D17A06062E}"
EndProject
Global
	GlobalSection(SolutionConfigurationPlatforms) = preSolution
		Debug|Any CPU = Debug|Any CPU
		Release|Any CPU = Release|Any CPU
	EndGlobalSection
	GlobalSection(ProjectConfigurationPlatforms) = postSolution
		{330567F5-DBA6-474A-9849-18D17A06062E}.Debug|Any CPU.ActiveCfg = Debug|Any CPU
		{330567F5-DBA6-474A-9849-18D17A06062E}.Debug|Any CPU.Build.0 = Debug|Any CPU
		{330567F5-DBA6-474A-9849-18D17A06062E}.Release|Any CPU.ActiveCfg = Release|Any CPU
		{330567F5-DBA6-474A-9849-18D17A06062E}.Release|Any CPU.Build.0 = Release|Any CPU
	EndGlobalSection
	GlobalSection(SolutionProperties) = preSolution
		HideSolutionNode = FALSE
	EndGlobalSection
	GlobalSection(ExtensibilityGlobals) = postSolution
		SolutionGuid = {FAE92303-5611-4327-9B0B-9889D9E5358B}
	EndGlobalSection
EndGlobal
